
Microsoft Visual Studio Solution File, Format Version 12.00
# Visual Studio Version 17
VisualStudioVersion = 17.5.002.0
MinimumVisualStudioVersion = 10.0.40219.1
Project("{9A19103F-16F7-4668-BE54-9A1E7A4F7556}") = "dự án 1", "dự án 1.csproj", "{9B828488-7ABE-4060-939E-57861DC94AAA}"
EndProject
Global
	GlobalSection(SolutionConfigurationPlatforms) = preSolution
		Debug|Any CPU = Debug|Any CPU
		Release|Any CPU = Release|Any CPU
	EndGlobalSection
	GlobalSection(ProjectConfigurationPlatforms) = postSolution
		{9B828488-7ABE-4060-939E-57861DC94AAA}.Debug|Any CPU.ActiveCfg = Debug|Any CPU
		{9B828488-7ABE-4060-939E-57861DC94AAA}.Debug|Any CPU.Build.0 = Debug|Any CPU
		{9B828488-7ABE-4060-939E-57861DC94AAA}.Release|Any CPU.ActiveCfg = Release|Any CPU
		{9B828488-7ABE-4060-939E-57861DC94AAA}.Release|Any CPU.Build.0 = Release|Any CPU
	EndGlobalSection
	GlobalSection(SolutionProperties) = preSolution
		HideSolutionNode = FALSE
	EndGlobalSection
	GlobalSection(ExtensibilityGlobals) = postSolution
		SolutionGuid = {6468B3C4-5856-4883-803A-A587F0FC90E2}
	EndGlobalSection
EndGlobal
